
Microsoft Visual Studio Solution File, Format Version 12.00
# Visual Studio Version 16
VisualStudioVersion = 16.0.29311.281
MinimumVisualStudioVersion = 10.0.40219.1
Project("{9A19103F-16F7-4668-BE54-9A1E7A4F7556}") = "Blazor.OpenId", "Blazor.OpenId.csproj", "{14BF134E-90D5-4390-A5C2-781ABC2D605B}"
EndProject
Global
	GlobalSection(SolutionConfigurationPlatforms) = preSolution
		Debug|Any CPU = Debug|Any CPU
		Release|Any CPU = Release|Any CPU
	EndGlobalSection
	GlobalSection(ProjectConfigurationPlatforms) = postSolution
		{14BF134E-90D5-4390-A5C2-781ABC2D605B}.Debug|Any CPU.ActiveCfg = Debug|Any CPU
		{14BF134E-90D5-4390-A5C2-781ABC2D605B}.Debug|Any CPU.Build.0 = Debug|Any CPU
		{14BF134E-90D5-4390-A5C2-781ABC2D605B}.Release|Any CPU.ActiveCfg = Release|Any CPU
		{14BF134E-90D5-4390-A5C2-781ABC2D605B}.Release|Any CPU.Build.0 = Release|Any CPU
	EndGlobalSection
	GlobalSection(SolutionProperties) = preSolution
		HideSolutionNode = FALSE
	EndGlobalSection
	GlobalSection(ExtensibilityGlobals) = postSolution
		SolutionGuid = {1F176B32-CB18-4734-B980-2E9F0ABD5E4D}
	EndGlobalSection
EndGlobal
